// !$*UTF8*$!
{
	archiveVersion = 1;
	classes = {
	};
	objectVersion = 56;
	objects = {

/* Begin PBXBuildFile section */
		26C11F3D2A1B944500830210 /* msd_sdk.docc in Sources */ = {isa = PBXBuildFile; fileRef = 26C11F3C2A1B944500830210 /* msd_sdk.docc */; };
		26C11F432A1B944600830210 /* msd_sdk.framework in Frameworks */ = {isa = PBXBuildFile; fileRef = 26C11F382A1B944500830210 /* msd_sdk.framework */; };
		26C11F482A1B944600830210 /* msd_sdkTests.swift in Sources */ = {isa = PBXBuildFile; fileRef = 26C11F472A1B944600830210 /* msd_sdkTests.swift */; };
		26C11F492A1B944600830210 /* msd_sdk.h in Headers */ = {isa = PBXBuildFile; fileRef = 26C11F3B2A1B944500830210 /* msd_sdk.h */; settings = {ATTRIBUTES = (Public, ); }; };
		26C11F592A1B946800830210 /* AppDelegate.swift in Sources */ = {isa = PBXBuildFile; fileRef = 26C11F582A1B946800830210 /* AppDelegate.swift */; };
		26C11F5B2A1B946800830210 /* SceneDelegate.swift in Sources */ = {isa = PBXBuildFile; fileRef = 26C11F5A2A1B946800830210 /* SceneDelegate.swift */; };
		26C11F5D2A1B946800830210 /* ViewController.swift in Sources */ = {isa = PBXBuildFile; fileRef = 26C11F5C2A1B946800830210 /* ViewController.swift */; };
		26C11F602A1B946800830210 /* Main.storyboard in Resources */ = {isa = PBXBuildFile; fileRef = 26C11F5E2A1B946800830210 /* Main.storyboard */; };
		26C11F622A1B946A00830210 /* Assets.xcassets in Resources */ = {isa = PBXBuildFile; fileRef = 26C11F612A1B946A00830210 /* Assets.xcassets */; };
		26C11F652A1B946A00830210 /* LaunchScreen.storyboard in Resources */ = {isa = PBXBuildFile; fileRef = 26C11F632A1B946A00830210 /* LaunchScreen.storyboard */; };
		26C11F702A1B946A00830210 /* example_appTests.swift in Sources */ = {isa = PBXBuildFile; fileRef = 26C11F6F2A1B946A00830210 /* example_appTests.swift */; };
		26C11F7A2A1B946A00830210 /* example_appUITests.swift in Sources */ = {isa = PBXBuildFile; fileRef = 26C11F792A1B946A00830210 /* example_appUITests.swift */; };
		26C11F7C2A1B946A00830210 /* example_appUITestsLaunchTests.swift in Sources */ = {isa = PBXBuildFile; fileRef = 26C11F7B2A1B946A00830210 /* example_appUITestsLaunchTests.swift */; };
		F972075E2A29C4E300CAA40B /* AppManager.swift in Sources */ = {isa = PBXBuildFile; fileRef = F972075D2A29C4E300CAA40B /* AppManager.swift */; };
		F97207602A29C58900CAA40B /* StringConstants.swift in Sources */ = {isa = PBXBuildFile; fileRef = F972075F2A29C58900CAA40B /* StringConstants.swift */; };
		F9E64DB72A1BA2F100620A99 /* RecommenationRequest.swift in Sources */ = {isa = PBXBuildFile; fileRef = F9E64DA32A1BA2F100620A99 /* RecommenationRequest.swift */; };
		F9E64DBA2A1BA2F100620A99 /* MSD.swift in Sources */ = {isa = PBXBuildFile; fileRef = F9E64DA82A1BA2F100620A99 /* MSD.swift */; };
		F9E64DBB2A1BA2F100620A99 /* MSDEndpoint.swift in Sources */ = {isa = PBXBuildFile; fileRef = F9E64DAB2A1BA2F100620A99 /* MSDEndpoint.swift */; };
		F9E64DBC2A1BA2F100620A99 /* Reachability.swift in Sources */ = {isa = PBXBuildFile; fileRef = F9E64DAD2A1BA2F100620A99 /* Reachability.swift */; };
		F9E64DBD2A1BA2F100620A99 /* HTTPClient.swift in Sources */ = {isa = PBXBuildFile; fileRef = F9E64DAF2A1BA2F100620A99 /* HTTPClient.swift */; };
		F9E64DBE2A1BA2F100620A99 /* RequestMethod.swift in Sources */ = {isa = PBXBuildFile; fileRef = F9E64DB02A1BA2F100620A99 /* RequestMethod.swift */; };
		F9E64DBF2A1BA2F100620A99 /* RequestError.swift in Sources */ = {isa = PBXBuildFile; fileRef = F9E64DB12A1BA2F100620A99 /* RequestError.swift */; };
		F9E64DC02A1BA2F100620A99 /* APIRequestProtocol.swift in Sources */ = {isa = PBXBuildFile; fileRef = F9E64DB22A1BA2F100620A99 /* APIRequestProtocol.swift */; };
		F9E64DC12A1BA2F100620A99 /* MSDService.swift in Sources */ = {isa = PBXBuildFile; fileRef = F9E64DB42A1BA2F100620A99 /* MSDService.swift */; };
		F9E64DC42A1BA31E00620A99 /* msd_sdk.framework in Frameworks */ = {isa = PBXBuildFile; fileRef = 26C11F382A1B944500830210 /* msd_sdk.framework */; };
		F9E64DC52A1BA31E00620A99 /* msd_sdk.framework in Embed Frameworks */ = {isa = PBXBuildFile; fileRef = 26C11F382A1B944500830210 /* msd_sdk.framework */; settings = {ATTRIBUTES = (CodeSignOnCopy, RemoveHeadersOnCopy, ); }; };
		F9E64DCB2A1BA6C700620A99 /* DataValidator.swift in Sources */ = {isa = PBXBuildFile; fileRef = F9E64DCA2A1BA6C700620A99 /* DataValidator.swift */; };
		F9E64DCD2A1BA6D200620A99 /* Constants.swift in Sources */ = {isa = PBXBuildFile; fileRef = F9E64DCC2A1BA6D200620A99 /* Constants.swift */; };
		F9E64DCF2A1BA77D00620A99 /* SDKLogger.swift in Sources */ = {isa = PBXBuildFile; fileRef = F9E64DCE2A1BA77D00620A99 /* SDKLogger.swift */; };
		F9E64DD62A1BAF8000620A99 /* BasePresenter.swift in Sources */ = {isa = PBXBuildFile; fileRef = F9E64DD52A1BAF8000620A99 /* BasePresenter.swift */; };
		F9E64DD82A1BAFA100620A99 /* EventPresenter.swift in Sources */ = {isa = PBXBuildFile; fileRef = F9E64DD72A1BAFA100620A99 /* EventPresenter.swift */; };
		F9E64DDA2A1BAFB000620A99 /* RecommendationPresenter.swift in Sources */ = {isa = PBXBuildFile; fileRef = F9E64DD92A1BAFB000620A99 /* RecommendationPresenter.swift */; };
		F9E64DDD2A1BB06400620A99 /* UserDefaults+Ext.swift in Sources */ = {isa = PBXBuildFile; fileRef = F9E64DDC2A1BB06400620A99 /* UserDefaults+Ext.swift */; };
		F9FE32B12A24C34A007E923D /* Utils.swift in Sources */ = {isa = PBXBuildFile; fileRef = F9FE32B02A24C34A007E923D /* Utils.swift */; };
		F9FE32B32A24CA4A007E923D /* MSDError.swift in Sources */ = {isa = PBXBuildFile; fileRef = F9FE32B22A24CA4A007E923D /* MSDError.swift */; };
/* End PBXBuildFile section */

/* Begin PBXContainerItemProxy section */
		26C11F442A1B944600830210 /* PBXContainerItemProxy */ = {
			isa = PBXContainerItemProxy;
			containerPortal = 26C11F2F2A1B944500830210 /* Project object */;
			proxyType = 1;
			remoteGlobalIDString = 26C11F372A1B944500830210;
			remoteInfo = msd_sdk;
		};
		26C11F6C2A1B946A00830210 /* PBXContainerItemProxy */ = {
			isa = PBXContainerItemProxy;
			containerPortal = 26C11F2F2A1B944500830210 /* Project object */;
			proxyType = 1;
			remoteGlobalIDString = 26C11F552A1B946800830210;
			remoteInfo = example_app;
		};
		26C11F762A1B946A00830210 /* PBXContainerItemProxy */ = {
			isa = PBXContainerItemProxy;
			containerPortal = 26C11F2F2A1B944500830210 /* Project object */;
			proxyType = 1;
			remoteGlobalIDString = 26C11F552A1B946800830210;
			remoteInfo = example_app;
		};
		F9E64DC62A1BA31E00620A99 /* PBXContainerItemProxy */ = {
			isa = PBXContainerItemProxy;
			containerPortal = 26C11F2F2A1B944500830210 /* Project object */;
			proxyType = 1;
			remoteGlobalIDString = 26C11F372A1B944500830210;
			remoteInfo = msd_sdk;
		};
/* End PBXContainerItemProxy section */

/* Begin PBXCopyFilesBuildPhase section */
		F9E64DC82A1BA31F00620A99 /* Embed Frameworks */ = {
			isa = PBXCopyFilesBuildPhase;
			buildActionMask = 2147483647;
			dstPath = "";
			dstSubfolderSpec = 10;
			files = (
				F9E64DC52A1BA31E00620A99 /* msd_sdk.framework in Embed Frameworks */,
			);
			name = "Embed Frameworks";
			runOnlyForDeploymentPostprocessing = 0;
		};
/* End PBXCopyFilesBuildPhase section */

/* Begin PBXFileReference section */
		26C11F382A1B944500830210 /* msd_sdk.framework */ = {isa = PBXFileReference; explicitFileType = wrapper.framework; includeInIndex = 0; path = msd_sdk.framework; sourceTree = BUILT_PRODUCTS_DIR; };
		26C11F3B2A1B944500830210 /* msd_sdk.h */ = {isa = PBXFileReference; lastKnownFileType = sourcecode.c.h; path = msd_sdk.h; sourceTree = "<group>"; };
		26C11F3C2A1B944500830210 /* msd_sdk.docc */ = {isa = PBXFileReference; lastKnownFileType = folder.documentationcatalog; path = msd_sdk.docc; sourceTree = "<group>"; };
		26C11F422A1B944600830210 /* msd_sdkTests.xctest */ = {isa = PBXFileReference; explicitFileType = wrapper.cfbundle; includeInIndex = 0; path = msd_sdkTests.xctest; sourceTree = BUILT_PRODUCTS_DIR; };
		26C11F472A1B944600830210 /* msd_sdkTests.swift */ = {isa = PBXFileReference; lastKnownFileType = sourcecode.swift; path = msd_sdkTests.swift; sourceTree = "<group>"; };
		26C11F562A1B946800830210 /* example_app.app */ = {isa = PBXFileReference; explicitFileType = wrapper.application; includeInIndex = 0; path = example_app.app; sourceTree = BUILT_PRODUCTS_DIR; };
		26C11F582A1B946800830210 /* AppDelegate.swift */ = {isa = PBXFileReference; lastKnownFileType = sourcecode.swift; path = AppDelegate.swift; sourceTree = "<group>"; };
		26C11F5A2A1B946800830210 /* SceneDelegate.swift */ = {isa = PBXFileReference; lastKnownFileType = sourcecode.swift; path = SceneDelegate.swift; sourceTree = "<group>"; };
		26C11F5C2A1B946800830210 /* ViewController.swift */ = {isa = PBXFileReference; lastKnownFileType = sourcecode.swift; path = ViewController.swift; sourceTree = "<group>"; };
		26C11F5F2A1B946800830210 /* Base */ = {isa = PBXFileReference; lastKnownFileType = file.storyboard; name = Base; path = Base.lproj/Main.storyboard; sourceTree = "<group>"; };
		26C11F612A1B946A00830210 /* Assets.xcassets */ = {isa = PBXFileReference; lastKnownFileType = folder.assetcatalog; path = Assets.xcassets; sourceTree = "<group>"; };
		26C11F642A1B946A00830210 /* Base */ = {isa = PBXFileReference; lastKnownFileType = file.storyboard; name = Base; path = Base.lproj/LaunchScreen.storyboard; sourceTree = "<group>"; };
		26C11F662A1B946A00830210 /* Info.plist */ = {isa = PBXFileReference; lastKnownFileType = text.plist.xml; path = Info.plist; sourceTree = "<group>"; };
		26C11F6B2A1B946A00830210 /* example_appTests.xctest */ = {isa = PBXFileReference; explicitFileType = wrapper.cfbundle; includeInIndex = 0; path = example_appTests.xctest; sourceTree = BUILT_PRODUCTS_DIR; };
		26C11F6F2A1B946A00830210 /* example_appTests.swift */ = {isa = PBXFileReference; lastKnownFileType = sourcecode.swift; path = example_appTests.swift; sourceTree = "<group>"; };
		26C11F752A1B946A00830210 /* example_appUITests.xctest */ = {isa = PBXFileReference; explicitFileType = wrapper.cfbundle; includeInIndex = 0; path = example_appUITests.xctest; sourceTree = BUILT_PRODUCTS_DIR; };
		26C11F792A1B946A00830210 /* example_appUITests.swift */ = {isa = PBXFileReference; lastKnownFileType = sourcecode.swift; path = example_appUITests.swift; sourceTree = "<group>"; };
		26C11F7B2A1B946A00830210 /* example_appUITestsLaunchTests.swift */ = {isa = PBXFileReference; lastKnownFileType = sourcecode.swift; path = example_appUITestsLaunchTests.swift; sourceTree = "<group>"; };
		F972075D2A29C4E300CAA40B /* AppManager.swift */ = {isa = PBXFileReference; lastKnownFileType = sourcecode.swift; path = AppManager.swift; sourceTree = "<group>"; };
		F972075F2A29C58900CAA40B /* StringConstants.swift */ = {isa = PBXFileReference; lastKnownFileType = sourcecode.swift; path = StringConstants.swift; sourceTree = "<group>"; };
		F9E64DA32A1BA2F100620A99 /* RecommenationRequest.swift */ = {isa = PBXFileReference; fileEncoding = 4; lastKnownFileType = sourcecode.swift; path = RecommenationRequest.swift; sourceTree = "<group>"; };
		F9E64DA82A1BA2F100620A99 /* MSD.swift */ = {isa = PBXFileReference; fileEncoding = 4; lastKnownFileType = sourcecode.swift; path = MSD.swift; sourceTree = "<group>"; };
		F9E64DAB2A1BA2F100620A99 /* MSDEndpoint.swift */ = {isa = PBXFileReference; fileEncoding = 4; lastKnownFileType = sourcecode.swift; path = MSDEndpoint.swift; sourceTree = "<group>"; };
		F9E64DAD2A1BA2F100620A99 /* Reachability.swift */ = {isa = PBXFileReference; fileEncoding = 4; lastKnownFileType = sourcecode.swift; path = Reachability.swift; sourceTree = "<group>"; };
		F9E64DAF2A1BA2F100620A99 /* HTTPClient.swift */ = {isa = PBXFileReference; fileEncoding = 4; lastKnownFileType = sourcecode.swift; path = HTTPClient.swift; sourceTree = "<group>"; };
		F9E64DB02A1BA2F100620A99 /* RequestMethod.swift */ = {isa = PBXFileReference; fileEncoding = 4; lastKnownFileType = sourcecode.swift; path = RequestMethod.swift; sourceTree = "<group>"; };
		F9E64DB12A1BA2F100620A99 /* RequestError.swift */ = {isa = PBXFileReference; fileEncoding = 4; lastKnownFileType = sourcecode.swift; path = RequestError.swift; sourceTree = "<group>"; };
		F9E64DB22A1BA2F100620A99 /* APIRequestProtocol.swift */ = {isa = PBXFileReference; fileEncoding = 4; lastKnownFileType = sourcecode.swift; path = APIRequestProtocol.swift; sourceTree = "<group>"; };
		F9E64DB42A1BA2F100620A99 /* MSDService.swift */ = {isa = PBXFileReference; fileEncoding = 4; lastKnownFileType = sourcecode.swift; path = MSDService.swift; sourceTree = "<group>"; };
		F9E64DCA2A1BA6C700620A99 /* DataValidator.swift */ = {isa = PBXFileReference; lastKnownFileType = sourcecode.swift; path = DataValidator.swift; sourceTree = "<group>"; };
		F9E64DCC2A1BA6D200620A99 /* Constants.swift */ = {isa = PBXFileReference; lastKnownFileType = sourcecode.swift; path = Constants.swift; sourceTree = "<group>"; };
		F9E64DCE2A1BA77D00620A99 /* SDKLogger.swift */ = {isa = PBXFileReference; lastKnownFileType = sourcecode.swift; path = SDKLogger.swift; sourceTree = "<group>"; };
		F9E64DD52A1BAF8000620A99 /* BasePresenter.swift */ = {isa = PBXFileReference; lastKnownFileType = sourcecode.swift; path = BasePresenter.swift; sourceTree = "<group>"; };
		F9E64DD72A1BAFA100620A99 /* EventPresenter.swift */ = {isa = PBXFileReference; lastKnownFileType = sourcecode.swift; path = EventPresenter.swift; sourceTree = "<group>"; };
		F9E64DD92A1BAFB000620A99 /* RecommendationPresenter.swift */ = {isa = PBXFileReference; lastKnownFileType = sourcecode.swift; path = RecommendationPresenter.swift; sourceTree = "<group>"; };
		F9E64DDC2A1BB06400620A99 /* UserDefaults+Ext.swift */ = {isa = PBXFileReference; lastKnownFileType = sourcecode.swift; path = "UserDefaults+Ext.swift"; sourceTree = "<group>"; };
		F9FE32B02A24C34A007E923D /* Utils.swift */ = {isa = PBXFileReference; lastKnownFileType = sourcecode.swift; path = Utils.swift; sourceTree = "<group>"; };
		F9FE32B22A24CA4A007E923D /* MSDError.swift */ = {isa = PBXFileReference; lastKnownFileType = sourcecode.swift; path = MSDError.swift; sourceTree = "<group>"; };
/* End PBXFileReference section */

/* Begin PBXFrameworksBuildPhase section */
		26C11F352A1B944500830210 /* Frameworks */ = {
			isa = PBXFrameworksBuildPhase;
			buildActionMask = 2147483647;
			files = (
			);
			runOnlyForDeploymentPostprocessing = 0;
		};
		26C11F3F2A1B944600830210 /* Frameworks */ = {
			isa = PBXFrameworksBuildPhase;
			buildActionMask = 2147483647;
			files = (
				26C11F432A1B944600830210 /* msd_sdk.framework in Frameworks */,
			);
			runOnlyForDeploymentPostprocessing = 0;
		};
		26C11F532A1B946800830210 /* Frameworks */ = {
			isa = PBXFrameworksBuildPhase;
			buildActionMask = 2147483647;
			files = (
				F9E64DC42A1BA31E00620A99 /* msd_sdk.framework in Frameworks */,
			);
			runOnlyForDeploymentPostprocessing = 0;
		};
		26C11F682A1B946A00830210 /* Frameworks */ = {
			isa = PBXFrameworksBuildPhase;
			buildActionMask = 2147483647;
			files = (
			);
			runOnlyForDeploymentPostprocessing = 0;
		};
		26C11F722A1B946A00830210 /* Frameworks */ = {
			isa = PBXFrameworksBuildPhase;
			buildActionMask = 2147483647;
			files = (
			);
			runOnlyForDeploymentPostprocessing = 0;
		};
/* End PBXFrameworksBuildPhase section */

/* Begin PBXGroup section */
		26C11F2E2A1B944500830210 = {
			isa = PBXGroup;
			children = (
				26C11F572A1B946800830210 /* example_app */,
				26C11F3A2A1B944500830210 /* msd_sdk */,
				26C11F462A1B944600830210 /* msd_sdkTests */,
				26C11F6E2A1B946A00830210 /* example_appTests */,
				26C11F782A1B946A00830210 /* example_appUITests */,
				26C11F392A1B944500830210 /* Products */,
				F9E64DC32A1BA31E00620A99 /* Frameworks */,
			);
			sourceTree = "<group>";
		};
		26C11F392A1B944500830210 /* Products */ = {
			isa = PBXGroup;
			children = (
				26C11F382A1B944500830210 /* msd_sdk.framework */,
				26C11F422A1B944600830210 /* msd_sdkTests.xctest */,
				26C11F562A1B946800830210 /* example_app.app */,
				26C11F6B2A1B946A00830210 /* example_appTests.xctest */,
				26C11F752A1B946A00830210 /* example_appUITests.xctest */,
			);
			name = Products;
			sourceTree = "<group>";
		};
		26C11F3A2A1B944500830210 /* msd_sdk */ = {
			isa = PBXGroup;
			children = (
				F9E64DC92A1BA6B600620A99 /* Utils */,
				F9E64DA72A1BA2F100620A99 /* Helper */,
				F9E64DA12A1BA2F100620A99 /* Models */,
				F9E64DA92A1BA2F100620A99 /* Network */,
				F9E64DB52A1BA2F100620A99 /* Presenter */,
				26C11F3B2A1B944500830210 /* msd_sdk.h */,
				26C11F3C2A1B944500830210 /* msd_sdk.docc */,
			);
			path = msd_sdk;
			sourceTree = "<group>";
		};
		26C11F462A1B944600830210 /* msd_sdkTests */ = {
			isa = PBXGroup;
			children = (
				26C11F472A1B944600830210 /* msd_sdkTests.swift */,
			);
			path = msd_sdkTests;
			sourceTree = "<group>";
		};
		26C11F572A1B946800830210 /* example_app */ = {
			isa = PBXGroup;
			children = (
				26C11F582A1B946800830210 /* AppDelegate.swift */,
				26C11F5A2A1B946800830210 /* SceneDelegate.swift */,
				26C11F5C2A1B946800830210 /* ViewController.swift */,
				26C11F5E2A1B946800830210 /* Main.storyboard */,
				26C11F612A1B946A00830210 /* Assets.xcassets */,
				26C11F632A1B946A00830210 /* LaunchScreen.storyboard */,
				26C11F662A1B946A00830210 /* Info.plist */,
			);
			path = example_app;
			sourceTree = "<group>";
		};
		26C11F6E2A1B946A00830210 /* example_appTests */ = {
			isa = PBXGroup;
			children = (
				26C11F6F2A1B946A00830210 /* example_appTests.swift */,
			);
			path = example_appTests;
			sourceTree = "<group>";
		};
		26C11F782A1B946A00830210 /* example_appUITests */ = {
			isa = PBXGroup;
			children = (
				26C11F792A1B946A00830210 /* example_appUITests.swift */,
				26C11F7B2A1B946A00830210 /* example_appUITestsLaunchTests.swift */,
			);
			path = example_appUITests;
			sourceTree = "<group>";
		};
		F9E64DA12A1BA2F100620A99 /* Models */ = {
			isa = PBXGroup;
			children = (
				F9FE32B22A24CA4A007E923D /* MSDError.swift */,
				F9E64DA32A1BA2F100620A99 /* RecommenationRequest.swift */,
			);
			path = Models;
			sourceTree = "<group>";
		};
		F9E64DA72A1BA2F100620A99 /* Helper */ = {
			isa = PBXGroup;
			children = (
				F9E64DA82A1BA2F100620A99 /* MSD.swift */,
			);
			path = Helper;
			sourceTree = "<group>";
		};
		F9E64DA92A1BA2F100620A99 /* Network */ = {
			isa = PBXGroup;
			children = (
				F9E64DAA2A1BA2F100620A99 /* Endpoints */,
				F9E64DAC2A1BA2F100620A99 /* Support Files */,
				F9E64DAE2A1BA2F100620A99 /* Base */,
				F9E64DB32A1BA2F100620A99 /* Services */,
			);
			path = Network;
			sourceTree = "<group>";
		};
		F9E64DAA2A1BA2F100620A99 /* Endpoints */ = {
			isa = PBXGroup;
			children = (
				F9E64DAB2A1BA2F100620A99 /* MSDEndpoint.swift */,
			);
			path = Endpoints;
			sourceTree = "<group>";
		};
		F9E64DAC2A1BA2F100620A99 /* Support Files */ = {
			isa = PBXGroup;
			children = (
				F9E64DAD2A1BA2F100620A99 /* Reachability.swift */,
			);
			path = "Support Files";
			sourceTree = "<group>";
		};
		F9E64DAE2A1BA2F100620A99 /* Base */ = {
			isa = PBXGroup;
			children = (
				F9E64DAF2A1BA2F100620A99 /* HTTPClient.swift */,
				F9E64DB02A1BA2F100620A99 /* RequestMethod.swift */,
				F9E64DB12A1BA2F100620A99 /* RequestError.swift */,
				F9E64DB22A1BA2F100620A99 /* APIRequestProtocol.swift */,
			);
			path = Base;
			sourceTree = "<group>";
		};
		F9E64DB32A1BA2F100620A99 /* Services */ = {
			isa = PBXGroup;
			children = (
				F9E64DB42A1BA2F100620A99 /* MSDService.swift */,
			);
			path = Services;
			sourceTree = "<group>";
		};
		F9E64DB52A1BA2F100620A99 /* Presenter */ = {
			isa = PBXGroup;
			children = (
				F9E64DD52A1BAF8000620A99 /* BasePresenter.swift */,
				F9E64DD72A1BAFA100620A99 /* EventPresenter.swift */,
				F9E64DD92A1BAFB000620A99 /* RecommendationPresenter.swift */,
			);
			path = Presenter;
			sourceTree = "<group>";
		};
		F9E64DC32A1BA31E00620A99 /* Frameworks */ = {
			isa = PBXGroup;
			children = (
			);
			name = Frameworks;
			sourceTree = "<group>";
		};
		F9E64DC92A1BA6B600620A99 /* Utils */ = {
			isa = PBXGroup;
			children = (
				F9FE32B02A24C34A007E923D /* Utils.swift */,
				F9E64DDB2A1BB04A00620A99 /* Extensions */,
				F9E64DCA2A1BA6C700620A99 /* DataValidator.swift */,
				F9E64DCC2A1BA6D200620A99 /* Constants.swift */,
				F9E64DCE2A1BA77D00620A99 /* SDKLogger.swift */,
				F972075D2A29C4E300CAA40B /* AppManager.swift */,
				F972075F2A29C58900CAA40B /* StringConstants.swift */,
			);
			path = Utils;
			sourceTree = "<group>";
		};
		F9E64DDB2A1BB04A00620A99 /* Extensions */ = {
			isa = PBXGroup;
			children = (
				F9E64DDC2A1BB06400620A99 /* UserDefaults+Ext.swift */,
			);
			path = Extensions;
			sourceTree = "<group>";
		};
/* End PBXGroup section */

/* Begin PBXHeadersBuildPhase section */
		26C11F332A1B944500830210 /* Headers */ = {
			isa = PBXHeadersBuildPhase;
			buildActionMask = 2147483647;
			files = (
				26C11F492A1B944600830210 /* msd_sdk.h in Headers */,
			);
			runOnlyForDeploymentPostprocessing = 0;
		};
/* End PBXHeadersBuildPhase section */

/* Begin PBXNativeTarget section */
		26C11F372A1B944500830210 /* msd_sdk */ = {
			isa = PBXNativeTarget;
			buildConfigurationList = 26C11F4C2A1B944600830210 /* Build configuration list for PBXNativeTarget "msd_sdk" */;
			buildPhases = (
				26C11F332A1B944500830210 /* Headers */,
				26C11F342A1B944500830210 /* Sources */,
				26C11F352A1B944500830210 /* Frameworks */,
				26C11F362A1B944500830210 /* Resources */,
			);
			buildRules = (
			);
			dependencies = (
			);
			name = msd_sdk;
			productName = msd_sdk;
			productReference = 26C11F382A1B944500830210 /* msd_sdk.framework */;
			productType = "com.apple.product-type.framework";
		};
		26C11F412A1B944600830210 /* msd_sdkTests */ = {
			isa = PBXNativeTarget;
			buildConfigurationList = 26C11F4F2A1B944600830210 /* Build configuration list for PBXNativeTarget "msd_sdkTests" */;
			buildPhases = (
				26C11F3E2A1B944600830210 /* Sources */,
				26C11F3F2A1B944600830210 /* Frameworks */,
				26C11F402A1B944600830210 /* Resources */,
			);
			buildRules = (
			);
			dependencies = (
				26C11F452A1B944600830210 /* PBXTargetDependency */,
			);
			name = msd_sdkTests;
			productName = msd_sdkTests;
			productReference = 26C11F422A1B944600830210 /* msd_sdkTests.xctest */;
			productType = "com.apple.product-type.bundle.unit-test";
		};
		26C11F552A1B946800830210 /* example_app */ = {
			isa = PBXNativeTarget;
			buildConfigurationList = 26C11F7D2A1B946A00830210 /* Build configuration list for PBXNativeTarget "example_app" */;
			buildPhases = (
				26C11F522A1B946800830210 /* Sources */,
				26C11F532A1B946800830210 /* Frameworks */,
				26C11F542A1B946800830210 /* Resources */,
				F9E64DC82A1BA31F00620A99 /* Embed Frameworks */,
			);
			buildRules = (
			);
			dependencies = (
				F9E64DC72A1BA31E00620A99 /* PBXTargetDependency */,
			);
			name = example_app;
			productName = example_app;
			productReference = 26C11F562A1B946800830210 /* example_app.app */;
			productType = "com.apple.product-type.application";
		};
		26C11F6A2A1B946A00830210 /* example_appTests */ = {
			isa = PBXNativeTarget;
			buildConfigurationList = 26C11F802A1B946A00830210 /* Build configuration list for PBXNativeTarget "example_appTests" */;
			buildPhases = (
				26C11F672A1B946A00830210 /* Sources */,
				26C11F682A1B946A00830210 /* Frameworks */,
				26C11F692A1B946A00830210 /* Resources */,
			);
			buildRules = (
			);
			dependencies = (
				26C11F6D2A1B946A00830210 /* PBXTargetDependency */,
			);
			name = example_appTests;
			productName = example_appTests;
			productReference = 26C11F6B2A1B946A00830210 /* example_appTests.xctest */;
			productType = "com.apple.product-type.bundle.unit-test";
		};
		26C11F742A1B946A00830210 /* example_appUITests */ = {
			isa = PBXNativeTarget;
			buildConfigurationList = 26C11F832A1B946A00830210 /* Build configuration list for PBXNativeTarget "example_appUITests" */;
			buildPhases = (
				26C11F712A1B946A00830210 /* Sources */,
				26C11F722A1B946A00830210 /* Frameworks */,
				26C11F732A1B946A00830210 /* Resources */,
			);
			buildRules = (
			);
			dependencies = (
				26C11F772A1B946A00830210 /* PBXTargetDependency */,
			);
			name = example_appUITests;
			productName = example_appUITests;
			productReference = 26C11F752A1B946A00830210 /* example_appUITests.xctest */;
			productType = "com.apple.product-type.bundle.ui-testing";
		};
/* End PBXNativeTarget section */

/* Begin PBXProject section */
		26C11F2F2A1B944500830210 /* Project object */ = {
			isa = PBXProject;
			attributes = {
				BuildIndependentTargetsInParallel = 1;
				LastSwiftUpdateCheck = 1420;
				LastUpgradeCheck = 1420;
				TargetAttributes = {
					26C11F372A1B944500830210 = {
						CreatedOnToolsVersion = 14.2;
					};
					26C11F412A1B944600830210 = {
						CreatedOnToolsVersion = 14.2;
					};
					26C11F552A1B946800830210 = {
						CreatedOnToolsVersion = 14.2;
					};
					26C11F6A2A1B946A00830210 = {
						CreatedOnToolsVersion = 14.2;
						TestTargetID = 26C11F552A1B946800830210;
					};
					26C11F742A1B946A00830210 = {
						CreatedOnToolsVersion = 14.2;
						TestTargetID = 26C11F552A1B946800830210;
					};
				};
			};
			buildConfigurationList = 26C11F322A1B944500830210 /* Build configuration list for PBXProject "msd_sdk" */;
			compatibilityVersion = "Xcode 14.0";
			developmentRegion = en;
			hasScannedForEncodings = 0;
			knownRegions = (
				en,
				Base,
			);
			mainGroup = 26C11F2E2A1B944500830210;
			productRefGroup = 26C11F392A1B944500830210 /* Products */;
			projectDirPath = "";
			projectRoot = "";
			targets = (
				26C11F552A1B946800830210 /* example_app */,
				26C11F372A1B944500830210 /* msd_sdk */,
				26C11F412A1B944600830210 /* msd_sdkTests */,
				26C11F6A2A1B946A00830210 /* example_appTests */,
				26C11F742A1B946A00830210 /* example_appUITests */,
			);
		};
/* End PBXProject section */

/* Begin PBXResourcesBuildPhase section */
		26C11F362A1B944500830210 /* Resources */ = {
			isa = PBXResourcesBuildPhase;
			buildActionMask = 2147483647;
			files = (
			);
			runOnlyForDeploymentPostprocessing = 0;
		};
		26C11F402A1B944600830210 /* Resources */ = {
			isa = PBXResourcesBuildPhase;
			buildActionMask = 2147483647;
			files = (
			);
			runOnlyForDeploymentPostprocessing = 0;
		};
		26C11F542A1B946800830210 /* Resources */ = {
			isa = PBXResourcesBuildPhase;
			buildActionMask = 2147483647;
			files = (
				26C11F652A1B946A00830210 /* LaunchScreen.storyboard in Resources */,
				26C11F622A1B946A00830210 /* Assets.xcassets in Resources */,
				26C11F602A1B946800830210 /* Main.storyboard in Resources */,
			);
			runOnlyForDeploymentPostprocessing = 0;
		};
		26C11F692A1B946A00830210 /* Resources */ = {
			isa = PBXResourcesBuildPhase;
			buildActionMask = 2147483647;
			files = (
			);
			runOnlyForDeploymentPostprocessing = 0;
		};
		26C11F732A1B946A00830210 /* Resources */ = {
			isa = PBXResourcesBuildPhase;
			buildActionMask = 2147483647;
			files = (
			);
			runOnlyForDeploymentPostprocessing = 0;
		};
/* End PBXResourcesBuildPhase section */

/* Begin PBXSourcesBuildPhase section */
		26C11F342A1B944500830210 /* Sources */ = {
			isa = PBXSourcesBuildPhase;
			buildActionMask = 2147483647;
			files = (
				F9E64DBC2A1BA2F100620A99 /* Reachability.swift in Sources */,
				F9FE32B32A24CA4A007E923D /* MSDError.swift in Sources */,
				F9E64DBA2A1BA2F100620A99 /* MSD.swift in Sources */,
				F9E64DBD2A1BA2F100620A99 /* HTTPClient.swift in Sources */,
				F9E64DBB2A1BA2F100620A99 /* MSDEndpoint.swift in Sources */,
				26C11F3D2A1B944500830210 /* msd_sdk.docc in Sources */,
				F9E64DCD2A1BA6D200620A99 /* Constants.swift in Sources */,
				F9FE32B12A24C34A007E923D /* Utils.swift in Sources */,
				F9E64DBF2A1BA2F100620A99 /* RequestError.swift in Sources */,
				F9E64DD62A1BAF8000620A99 /* BasePresenter.swift in Sources */,
				F9E64DCB2A1BA6C700620A99 /* DataValidator.swift in Sources */,
				F9E64DBE2A1BA2F100620A99 /* RequestMethod.swift in Sources */,
				F972075E2A29C4E300CAA40B /* AppManager.swift in Sources */,
				F9E64DC02A1BA2F100620A99 /* APIRequestProtocol.swift in Sources */,
				F9E64DD82A1BAFA100620A99 /* EventPresenter.swift in Sources */,
				F97207602A29C58900CAA40B /* StringConstants.swift in Sources */,
				F9E64DCF2A1BA77D00620A99 /* SDKLogger.swift in Sources */,
				F9E64DDA2A1BAFB000620A99 /* RecommendationPresenter.swift in Sources */,
				F9E64DC12A1BA2F100620A99 /* MSDService.swift in Sources */,
				F9E64DB72A1BA2F100620A99 /* RecommenationRequest.swift in Sources */,
				F9E64DDD2A1BB06400620A99 /* UserDefaults+Ext.swift in Sources */,
			);
			runOnlyForDeploymentPostprocessing = 0;
		};
		26C11F3E2A1B944600830210 /* Sources */ = {
			isa = PBXSourcesBuildPhase;
			buildActionMask = 2147483647;
			files = (
				26C11F482A1B944600830210 /* msd_sdkTests.swift in Sources */,
			);
			runOnlyForDeploymentPostprocessing = 0;
		};
		26C11F522A1B946800830210 /* Sources */ = {
			isa = PBXSourcesBuildPhase;
			buildActionMask = 2147483647;
			files = (
				26C11F5D2A1B946800830210 /* ViewController.swift in Sources */,
				26C11F592A1B946800830210 /* AppDelegate.swift in Sources */,
				26C11F5B2A1B946800830210 /* SceneDelegate.swift in Sources */,
			);
			runOnlyForDeploymentPostprocessing = 0;
		};
		26C11F672A1B946A00830210 /* Sources */ = {
			isa = PBXSourcesBuildPhase;
			buildActionMask = 2147483647;
			files = (
				26C11F702A1B946A00830210 /* example_appTests.swift in Sources */,
			);
			runOnlyForDeploymentPostprocessing = 0;
		};
		26C11F712A1B946A00830210 /* Sources */ = {
			isa = PBXSourcesBuildPhase;
			buildActionMask = 2147483647;
			files = (
				26C11F7A2A1B946A00830210 /* example_appUITests.swift in Sources */,
				26C11F7C2A1B946A00830210 /* example_appUITestsLaunchTests.swift in Sources */,
			);
			runOnlyForDeploymentPostprocessing = 0;
		};
/* End PBXSourcesBuildPhase section */

/* Begin PBXTargetDependency section */
		26C11F452A1B944600830210 /* PBXTargetDependency */ = {
			isa = PBXTargetDependency;
			target = 26C11F372A1B944500830210 /* msd_sdk */;
			targetProxy = 26C11F442A1B944600830210 /* PBXContainerItemProxy */;
		};
		26C11F6D2A1B946A00830210 /* PBXTargetDependency */ = {
			isa = PBXTargetDependency;
			target = 26C11F552A1B946800830210 /* example_app */;
			targetProxy = 26C11F6C2A1B946A00830210 /* PBXContainerItemProxy */;
		};
		26C11F772A1B946A00830210 /* PBXTargetDependency */ = {
			isa = PBXTargetDependency;
			target = 26C11F552A1B946800830210 /* example_app */;
			targetProxy = 26C11F762A1B946A00830210 /* PBXContainerItemProxy */;
		};
		F9E64DC72A1BA31E00620A99 /* PBXTargetDependency */ = {
			isa = PBXTargetDependency;
			target = 26C11F372A1B944500830210 /* msd_sdk */;
			targetProxy = F9E64DC62A1BA31E00620A99 /* PBXContainerItemProxy */;
		};
/* End PBXTargetDependency section */

/* Begin PBXVariantGroup section */
		26C11F5E2A1B946800830210 /* Main.storyboard */ = {
			isa = PBXVariantGroup;
			children = (
				26C11F5F2A1B946800830210 /* Base */,
			);
			name = Main.storyboard;
			sourceTree = "<group>";
		};
		26C11F632A1B946A00830210 /* LaunchScreen.storyboard */ = {
			isa = PBXVariantGroup;
			children = (
				26C11F642A1B946A00830210 /* Base */,
			);
			name = LaunchScreen.storyboard;
			sourceTree = "<group>";
		};
/* End PBXVariantGroup section */

/* Begin XCBuildConfiguration section */
		26C11F4A2A1B944600830210 /* Debug */ = {
			isa = XCBuildConfiguration;
			buildSettings = {
				ALWAYS_SEARCH_USER_PATHS = NO;
				CLANG_ANALYZER_NONNULL = YES;
				CLANG_ANALYZER_NUMBER_OBJECT_CONVERSION = YES_AGGRESSIVE;
				CLANG_CXX_LANGUAGE_STANDARD = "gnu++20";
				CLANG_ENABLE_MODULES = YES;
				CLANG_ENABLE_OBJC_ARC = YES;
				CLANG_ENABLE_OBJC_WEAK = YES;
				CLANG_WARN_BLOCK_CAPTURE_AUTORELEASING = YES;
				CLANG_WARN_BOOL_CONVERSION = YES;
				CLANG_WARN_COMMA = YES;
				CLANG_WARN_CONSTANT_CONVERSION = YES;
				CLANG_WARN_DEPRECATED_OBJC_IMPLEMENTATIONS = YES;
				CLANG_WARN_DIRECT_OBJC_ISA_USAGE = YES_ERROR;
				CLANG_WARN_DOCUMENTATION_COMMENTS = YES;
				CLANG_WARN_EMPTY_BODY = YES;
				CLANG_WARN_ENUM_CONVERSION = YES;
				CLANG_WARN_INFINITE_RECURSION = YES;
				CLANG_WARN_INT_CONVERSION = YES;
				CLANG_WARN_NON_LITERAL_NULL_CONVERSION = YES;
				CLANG_WARN_OBJC_IMPLICIT_RETAIN_SELF = YES;
				CLANG_WARN_OBJC_LITERAL_CONVERSION = YES;
				CLANG_WARN_OBJC_ROOT_CLASS = YES_ERROR;
				CLANG_WARN_QUOTED_INCLUDE_IN_FRAMEWORK_HEADER = YES;
				CLANG_WARN_RANGE_LOOP_ANALYSIS = YES;
				CLANG_WARN_STRICT_PROTOTYPES = YES;
				CLANG_WARN_SUSPICIOUS_MOVE = YES;
				CLANG_WARN_UNGUARDED_AVAILABILITY = YES_AGGRESSIVE;
				CLANG_WARN_UNREACHABLE_CODE = YES;
				CLANG_WARN__DUPLICATE_METHOD_MATCH = YES;
				COPY_PHASE_STRIP = NO;
				CURRENT_PROJECT_VERSION = 1;
				DEBUG_INFORMATION_FORMAT = dwarf;
				ENABLE_STRICT_OBJC_MSGSEND = YES;
				ENABLE_TESTABILITY = YES;
				GCC_C_LANGUAGE_STANDARD = gnu11;
				GCC_DYNAMIC_NO_PIC = NO;
				GCC_NO_COMMON_BLOCKS = YES;
				GCC_OPTIMIZATION_LEVEL = 0;
				GCC_PREPROCESSOR_DEFINITIONS = (
					"DEBUG=1",
					"$(inherited)",
				);
				GCC_WARN_64_TO_32_BIT_CONVERSION = YES;
				GCC_WARN_ABOUT_RETURN_TYPE = YES_ERROR;
				GCC_WARN_UNDECLARED_SELECTOR = YES;
				GCC_WARN_UNINITIALIZED_AUTOS = YES_AGGRESSIVE;
				GCC_WARN_UNUSED_FUNCTION = YES;
				GCC_WARN_UNUSED_VARIABLE = YES;
				IPHONEOS_DEPLOYMENT_TARGET = 16.2;
				MTL_ENABLE_DEBUG_INFO = INCLUDE_SOURCE;
				MTL_FAST_MATH = YES;
				ONLY_ACTIVE_ARCH = YES;
				SDKROOT = iphoneos;
				SWIFT_ACTIVE_COMPILATION_CONDITIONS = DEBUG;
				SWIFT_OPTIMIZATION_LEVEL = "-Onone";
				VERSIONING_SYSTEM = "apple-generic";
				VERSION_INFO_PREFIX = "";
			};
			name = Debug;
		};
		26C11F4B2A1B944600830210 /* Release */ = {
			isa = XCBuildConfiguration;
			buildSettings = {
				ALWAYS_SEARCH_USER_PATHS = NO;
				CLANG_ANALYZER_NONNULL = YES;
				CLANG_ANALYZER_NUMBER_OBJECT_CONVERSION = YES_AGGRESSIVE;
				CLANG_CXX_LANGUAGE_STANDARD = "gnu++20";
				CLANG_ENABLE_MODULES = YES;
				CLANG_ENABLE_OBJC_ARC = YES;
				CLANG_ENABLE_OBJC_WEAK = YES;
				CLANG_WARN_BLOCK_CAPTURE_AUTORELEASING = YES;
				CLANG_WARN_BOOL_CONVERSION = YES;
				CLANG_WARN_COMMA = YES;
				CLANG_WARN_CONSTANT_CONVERSION = YES;
				CLANG_WARN_DEPRECATED_OBJC_IMPLEMENTATIONS = YES;
				CLANG_WARN_DIRECT_OBJC_ISA_USAGE = YES_ERROR;
				CLANG_WARN_DOCUMENTATION_COMMENTS = YES;
				CLANG_WARN_EMPTY_BODY = YES;
				CLANG_WARN_ENUM_CONVERSION = YES;
				CLANG_WARN_INFINITE_RECURSION = YES;
				CLANG_WARN_INT_CONVERSION = YES;
				CLANG_WARN_NON_LITERAL_NULL_CONVERSION = YES;
				CLANG_WARN_OBJC_IMPLICIT_RETAIN_SELF = YES;
				CLANG_WARN_OBJC_LITERAL_CONVERSION = YES;
				CLANG_WARN_OBJC_ROOT_CLASS = YES_ERROR;
				CLANG_WARN_QUOTED_INCLUDE_IN_FRAMEWORK_HEADER = YES;
				CLANG_WARN_RANGE_LOOP_ANALYSIS = YES;
				CLANG_WARN_STRICT_PROTOTYPES = YES;
				CLANG_WARN_SUSPICIOUS_MOVE = YES;
				CLANG_WARN_UNGUARDED_AVAILABILITY = YES_AGGRESSIVE;
				CLANG_WARN_UNREACHABLE_CODE = YES;
				CLANG_WARN__DUPLICATE_METHOD_MATCH = YES;
				COPY_PHASE_STRIP = NO;
				CURRENT_PROJECT_VERSION = 1;
				DEBUG_INFORMATION_FORMAT = "dwarf-with-dsym";
				ENABLE_NS_ASSERTIONS = NO;
				ENABLE_STRICT_OBJC_MSGSEND = YES;
				GCC_C_LANGUAGE_STANDARD = gnu11;
				GCC_NO_COMMON_BLOCKS = YES;
				GCC_WARN_64_TO_32_BIT_CONVERSION = YES;
				GCC_WARN_ABOUT_RETURN_TYPE = YES_ERROR;
				GCC_WARN_UNDECLARED_SELECTOR = YES;
				GCC_WARN_UNINITIALIZED_AUTOS = YES_AGGRESSIVE;
				GCC_WARN_UNUSED_FUNCTION = YES;
				GCC_WARN_UNUSED_VARIABLE = YES;
				IPHONEOS_DEPLOYMENT_TARGET = 16.2;
				MTL_ENABLE_DEBUG_INFO = NO;
				MTL_FAST_MATH = YES;
				SDKROOT = iphoneos;
				SWIFT_COMPILATION_MODE = wholemodule;
				SWIFT_OPTIMIZATION_LEVEL = "-O";
				VALIDATE_PRODUCT = YES;
				VERSIONING_SYSTEM = "apple-generic";
				VERSION_INFO_PREFIX = "";
			};
			name = Release;
		};
		26C11F4D2A1B944600830210 /* Debug */ = {
			isa = XCBuildConfiguration;
			buildSettings = {
				CODE_SIGN_STYLE = Automatic;
				CURRENT_PROJECT_VERSION = 1;
				DEFINES_MODULE = YES;
				DEVELOPMENT_TEAM = HZKHPMC9NL;
				DYLIB_COMPATIBILITY_VERSION = 1;
				DYLIB_CURRENT_VERSION = 1;
				DYLIB_INSTALL_NAME_BASE = "@rpath";
				GENERATE_INFOPLIST_FILE = YES;
				INFOPLIST_KEY_NSHumanReadableCopyright = "";
				INSTALL_PATH = "$(LOCAL_LIBRARY_DIR)/Frameworks";
				IPHONEOS_DEPLOYMENT_TARGET = 14.0;
				LD_RUNPATH_SEARCH_PATHS = (
					"$(inherited)",
					"@executable_path/Frameworks",
					"@loader_path/Frameworks",
				);
				MARKETING_VERSION = 1.0;
				PRODUCT_BUNDLE_IDENTIFIER = "com.jiju.msd-sdk";
				PRODUCT_NAME = "$(TARGET_NAME:c99extidentifier)";
				SKIP_INSTALL = YES;
				SWIFT_EMIT_LOC_STRINGS = YES;
				SWIFT_VERSION = 5.0;
				TARGETED_DEVICE_FAMILY = "1,2";
			};
			name = Debug;
		};
		26C11F4E2A1B944600830210 /* Release */ = {
			isa = XCBuildConfiguration;
			buildSettings = {
				CODE_SIGN_STYLE = Automatic;
				CURRENT_PROJECT_VERSION = 1;
				DEFINES_MODULE = YES;
				DEVELOPMENT_TEAM = HZKHPMC9NL;
				DYLIB_COMPATIBILITY_VERSION = 1;
				DYLIB_CURRENT_VERSION = 1;
				DYLIB_INSTALL_NAME_BASE = "@rpath";
				GENERATE_INFOPLIST_FILE = YES;
				INFOPLIST_KEY_NSHumanReadableCopyright = "";
				INSTALL_PATH = "$(LOCAL_LIBRARY_DIR)/Frameworks";
				IPHONEOS_DEPLOYMENT_TARGET = 14.0;
				LD_RUNPATH_SEARCH_PATHS = (
					"$(inherited)",
					"@executable_path/Frameworks",
					"@loader_path/Frameworks",
				);
				MARKETING_VERSION = 1.0;
				PRODUCT_BUNDLE_IDENTIFIER = "com.jiju.msd-sdk";
				PRODUCT_NAME = "$(TARGET_NAME:c99extidentifier)";
				SKIP_INSTALL = YES;
				SWIFT_EMIT_LOC_STRINGS = YES;
				SWIFT_VERSION = 5.0;
				TARGETED_DEVICE_FAMILY = "1,2";
			};
			name = Release;
		};
		26C11F502A1B944600830210 /* Debug */ = {
			isa = XCBuildConfiguration;
			buildSettings = {
				ALWAYS_EMBED_SWIFT_STANDARD_LIBRARIES = YES;
				CODE_SIGN_STYLE = Automatic;
				CURRENT_PROJECT_VERSION = 1;
				DEVELOPMENT_TEAM = HZKHPMC9NL;
				GENERATE_INFOPLIST_FILE = YES;
				MARKETING_VERSION = 1.0;
				PRODUCT_BUNDLE_IDENTIFIER = "com.jiju.msd-sdkTests";
				PRODUCT_NAME = "$(TARGET_NAME)";
				SWIFT_EMIT_LOC_STRINGS = NO;
				SWIFT_VERSION = 5.0;
				TARGETED_DEVICE_FAMILY = "1,2";
			};
			name = Debug;
		};
		26C11F512A1B944600830210 /* Release */ = {
			isa = XCBuildConfiguration;
			buildSettings = {
				ALWAYS_EMBED_SWIFT_STANDARD_LIBRARIES = YES;
				CODE_SIGN_STYLE = Automatic;
				CURRENT_PROJECT_VERSION = 1;
				DEVELOPMENT_TEAM = HZKHPMC9NL;
				GENERATE_INFOPLIST_FILE = YES;
				MARKETING_VERSION = 1.0;
				PRODUCT_BUNDLE_IDENTIFIER = "com.jiju.msd-sdkTests";
				PRODUCT_NAME = "$(TARGET_NAME)";
				SWIFT_EMIT_LOC_STRINGS = NO;
				SWIFT_VERSION = 5.0;
				TARGETED_DEVICE_FAMILY = "1,2";
			};
			name = Release;
		};
		26C11F7E2A1B946A00830210 /* Debug */ = {
			isa = XCBuildConfiguration;
			buildSettings = {
				ASSETCATALOG_COMPILER_APPICON_NAME = AppIcon;
				ASSETCATALOG_COMPILER_GLOBAL_ACCENT_COLOR_NAME = AccentColor;
				CODE_SIGN_STYLE = Automatic;
				CURRENT_PROJECT_VERSION = 1;
				DEVELOPMENT_TEAM = HZKHPMC9NL;
				GENERATE_INFOPLIST_FILE = YES;
				INFOPLIST_FILE = example_app/Info.plist;
				INFOPLIST_KEY_UIApplicationSupportsIndirectInputEvents = YES;
				INFOPLIST_KEY_UILaunchStoryboardName = LaunchScreen;
				INFOPLIST_KEY_UIMainStoryboardFile = Main;
				INFOPLIST_KEY_UISupportedInterfaceOrientations_iPad = "UIInterfaceOrientationPortrait UIInterfaceOrientationPortraitUpsideDown UIInterfaceOrientationLandscapeLeft UIInterfaceOrientationLandscapeRight";
				INFOPLIST_KEY_UISupportedInterfaceOrientations_iPhone = "UIInterfaceOrientationPortrait UIInterfaceOrientationLandscapeLeft UIInterfaceOrientationLandscapeRight";
				LD_RUNPATH_SEARCH_PATHS = (
					"$(inherited)",
					"@executable_path/Frameworks",
				);
				MARKETING_VERSION = 1.0;
				PRODUCT_BUNDLE_IDENTIFIER = "com.jiju.example-app";
				PRODUCT_NAME = "$(TARGET_NAME)";
				SWIFT_EMIT_LOC_STRINGS = YES;
				SWIFT_VERSION = 5.0;
				TARGETED_DEVICE_FAMILY = "1,2";
			};
			name = Debug;
		};
		26C11F7F2A1B946A00830210 /* Release */ = {
			isa = XCBuildConfiguration;
			buildSettings = {
				ASSETCATALOG_COMPILER_APPICON_NAME = AppIcon;
				ASSETCATALOG_COMPILER_GLOBAL_ACCENT_COLOR_NAME = AccentColor;
				CODE_SIGN_STYLE = Automatic;
				CURRENT_PROJECT_VERSION = 1;
				DEVELOPMENT_TEAM = HZKHPMC9NL;
				GENERATE_INFOPLIST_FILE = YES;
				INFOPLIST_FILE = example_app/Info.plist;
				INFOPLIST_KEY_UIApplicationSupportsIndirectInputEvents = YES;
				INFOPLIST_KEY_UILaunchStoryboardName = LaunchScreen;
				INFOPLIST_KEY_UIMainStoryboardFile = Main;
				INFOPLIST_KEY_UISupportedInterfaceOrientations_iPad = "UIInterfaceOrientationPortrait UIInterfaceOrientationPortraitUpsideDown UIInterfaceOrientationLandscapeLeft UIInterfaceOrientationLandscapeRight";
				INFOPLIST_KEY_UISupportedInterfaceOrientations_iPhone = "UIInterfaceOrientationPortrait UIInterfaceOrientationLandscapeLeft UIInterfaceOrientationLandscapeRight";
				LD_RUNPATH_SEARCH_PATHS = (
					"$(inherited)",
					"@executable_path/Frameworks",
				);
				MARKETING_VERSION = 1.0;
				PRODUCT_BUNDLE_IDENTIFIER = "com.jiju.example-app";
				PRODUCT_NAME = "$(TARGET_NAME)";
				SWIFT_EMIT_LOC_STRINGS = YES;
				SWIFT_VERSION = 5.0;
				TARGETED_DEVICE_FAMILY = "1,2";
			};
			name = Release;
		};
		26C11F812A1B946A00830210 /* Debug */ = {
			isa = XCBuildConfiguration;
			buildSettings = {
				ALWAYS_EMBED_SWIFT_STANDARD_LIBRARIES = YES;
				BUNDLE_LOADER = "$(TEST_HOST)";
				CODE_SIGN_STYLE = Automatic;
				CURRENT_PROJECT_VERSION = 1;
				DEVELOPMENT_TEAM = HZKHPMC9NL;
				GENERATE_INFOPLIST_FILE = YES;
				IPHONEOS_DEPLOYMENT_TARGET = 16.2;
				MARKETING_VERSION = 1.0;
				PRODUCT_BUNDLE_IDENTIFIER = "com.jiju.example-appTests";
				PRODUCT_NAME = "$(TARGET_NAME)";
				SWIFT_EMIT_LOC_STRINGS = NO;
				SWIFT_VERSION = 5.0;
				TARGETED_DEVICE_FAMILY = "1,2";
				TEST_HOST = "$(BUILT_PRODUCTS_DIR)/example_app.app/$(BUNDLE_EXECUTABLE_FOLDER_PATH)/example_app";
			};
			name = Debug;
		};
		26C11F822A1B946A00830210 /* Release */ = {
			isa = XCBuildConfiguration;
			buildSettings = {
				ALWAYS_EMBED_SWIFT_STANDARD_LIBRARIES = YES;
				BUNDLE_LOADER = "$(TEST_HOST)";
				CODE_SIGN_STYLE = Automatic;
				CURRENT_PROJECT_VERSION = 1;
				DEVELOPMENT_TEAM = HZKHPMC9NL;
				GENERATE_INFOPLIST_FILE = YES;
				IPHONEOS_DEPLOYMENT_TARGET = 16.2;
				MARKETING_VERSION = 1.0;
				PRODUCT_BUNDLE_IDENTIFIER = "com.jiju.example-appTests";
				PRODUCT_NAME = "$(TARGET_NAME)";
				SWIFT_EMIT_LOC_STRINGS = NO;
				SWIFT_VERSION = 5.0;
				TARGETED_DEVICE_FAMILY = "1,2";
				TEST_HOST = "$(BUILT_PRODUCTS_DIR)/example_app.app/$(BUNDLE_EXECUTABLE_FOLDER_PATH)/example_app";
			};
			name = Release;
		};
		26C11F842A1B946A00830210 /* Debug */ = {
			isa = XCBuildConfiguration;
			buildSettings = {
				ALWAYS_EMBED_SWIFT_STANDARD_LIBRARIES = YES;
				CODE_SIGN_STYLE = Automatic;
				CURRENT_PROJECT_VERSION = 1;
				DEVELOPMENT_TEAM = HZKHPMC9NL;
				GENERATE_INFOPLIST_FILE = YES;
				MARKETING_VERSION = 1.0;
				PRODUCT_BUNDLE_IDENTIFIER = "com.jiju.example-appUITests";
				PRODUCT_NAME = "$(TARGET_NAME)";
				SWIFT_EMIT_LOC_STRINGS = NO;
				SWIFT_VERSION = 5.0;
				TARGETED_DEVICE_FAMILY = "1,2";
				TEST_TARGET_NAME = example_app;
			};
			name = Debug;
		};
		26C11F852A1B946A00830210 /* Release */ = {
			isa = XCBuildConfiguration;
			buildSettings = {
				ALWAYS_EMBED_SWIFT_STANDARD_LIBRARIES = YES;
				CODE_SIGN_STYLE = Automatic;
				CURRENT_PROJECT_VERSION = 1;
				DEVELOPMENT_TEAM = HZKHPMC9NL;
				GENERATE_INFOPLIST_FILE = YES;
				MARKETING_VERSION = 1.0;
				PRODUCT_BUNDLE_IDENTIFIER = "com.jiju.example-appUITests";
				PRODUCT_NAME = "$(TARGET_NAME)";
				SWIFT_EMIT_LOC_STRINGS = NO;
				SWIFT_VERSION = 5.0;
				TARGETED_DEVICE_FAMILY = "1,2";
				TEST_TARGET_NAME = example_app;
			};
			name = Release;
		};
/* End XCBuildConfiguration section */

/* Begin XCConfigurationList section */
		26C11F322A1B944500830210 /* Build configuration list for PBXProject "msd_sdk" */ = {
			isa = XCConfigurationList;
			buildConfigurations = (
				26C11F4A2A1B944600830210 /* Debug */,
				26C11F4B2A1B944600830210 /* Release */,
			);
			defaultConfigurationIsVisible = 0;
			defaultConfigurationName = Release;
		};
		26C11F4C2A1B944600830210 /* Build configuration list for PBXNativeTarget "msd_sdk" */ = {
			isa = XCConfigurationList;
			buildConfigurations = (
				26C11F4D2A1B944600830210 /* Debug */,
				26C11F4E2A1B944600830210 /* Release */,
			);
			defaultConfigurationIsVisible = 0;
			defaultConfigurationName = Release;
		};
		26C11F4F2A1B944600830210 /* Build configuration list for PBXNativeTarget "msd_sdkTests" */ = {
			isa = XCConfigurationList;
			buildConfigurations = (
				26C11F502A1B944600830210 /* Debug */,
				26C11F512A1B944600830210 /* Release */,
			);
			defaultConfigurationIsVisible = 0;
			defaultConfigurationName = Release;
		};
		26C11F7D2A1B946A00830210 /* Build configuration list for PBXNativeTarget "example_app" */ = {
			isa = XCConfigurationList;
			buildConfigurations = (
				26C11F7E2A1B946A00830210 /* Debug */,
				26C11F7F2A1B946A00830210 /* Release */,
			);
			defaultConfigurationIsVisible = 0;
			defaultConfigurationName = Release;
		};
		26C11F802A1B946A00830210 /* Build configuration list for PBXNativeTarget "example_appTests" */ = {
			isa = XCConfigurationList;
			buildConfigurations = (
				26C11F812A1B946A00830210 /* Debug */,
				26C11F822A1B946A00830210 /* Release */,
			);
			defaultConfigurationIsVisible = 0;
			defaultConfigurationName = Release;
		};
		26C11F832A1B946A00830210 /* Build configuration list for PBXNativeTarget "example_appUITests" */ = {
			isa = XCConfigurationList;
			buildConfigurations = (
				26C11F842A1B946A00830210 /* Debug */,
				26C11F852A1B946A00830210 /* Release */,
			);
			defaultConfigurationIsVisible = 0;
			defaultConfigurationName = Release;
		};
/* End XCConfigurationList section */
	};
	rootObject = 26C11F2F2A1B944500830210 /* Project object */;
}
